
Microsoft Visual Studio Solution File, Format Version 12.00
# Visual Studio Version 16
VisualStudioVersion = 16.0.30320.27
MinimumVisualStudioVersion = 10.0.40219.1
Project("{FAE04EC0-301F-11D3-BF4B-00C04F79EFBC}") = "GigMusicHub", "GigMusicHub\GigMusicHub.csproj", "{9F9093A2-A4EC-47A5-A265-416EE8F97B0E}"
EndProject
Global
	GlobalSection(SolutionConfigurationPlatforms) = preSolution
		Debug|Any CPU = Debug|Any CPU
		Release|Any CPU = Release|Any CPU
	EndGlobalSection
	GlobalSection(ProjectConfigurationPlatforms) = postSolution
		{9F9093A2-A4EC-47A5-A265-416EE8F97B0E}.Debug|Any CPU.ActiveCfg = Debug|Any CPU
		{9F9093A2-A4EC-47A5-A265-416EE8F97B0E}.Debug|Any CPU.Build.0 = Debug|Any CPU
		{9F9093A2-A4EC-47A5-A265-416EE8F97B0E}.Release|Any CPU.ActiveCfg = Release|Any CPU
		{9F9093A2-A4EC-47A5-A265-416EE8F97B0E}.Release|Any CPU.Build.0 = Release|Any CPU
	EndGlobalSection
	GlobalSection(SolutionProperties) = preSolution
		HideSolutionNode = FALSE
	EndGlobalSection
	GlobalSection(ExtensibilityGlobals) = postSolution
		SolutionGuid = {258C667A-0C43-4600-BCB8-966DBD753FC4}
	EndGlobalSection
EndGlobal
